<?xml version="1.0" encoding="utf-8"?>
<Project ToolsVersion="4.0" xmlns="http://schemas.microsoft.com/developer/msbuild/2003">
  <ItemGroup>
    <Filter Include="Source Files">
      <UniqueIdentifier>{4FC737F1-C7A5-4376-A066-2A32D752A2FF}</UniqueIdentifier>
      <Extensions>cpp;c;cc;cxx;c++;cppm;ixx;def;odl;idl;hpj;bat;asm;asmx</Extensions>
    </Filter>
    <Filter Include="Header Files">
      <UniqueIdentifier>{93995380-89BD-4b04-88EB-625FBE52EBFB}</UniqueIdentifier>
      <Extensions>h;hh;hpp;hxx;h++;hm;inl;inc;ipp;xsd</Extensions>
    </Filter>
    <Filter Include="Resource Files">
      <UniqueIdentifier>{67DA6AB6-F800-4c08-8B7A-83BB121AAD01}</UniqueIdentifier>
      <Extensions>rc;ico;cur;bmp;dlg;rc2;rct;bin;rgs;gif;jpg;jpeg;jpe;resx;tiff;tif;png;wav;mfcribbon-ms</Extensions>
    </Filter>
    <Filter Include="Resource Files\Shaders">
      <UniqueIdentifier>{835d5dda-2a3e-409b-9276-218db25e84cd}</UniqueIdentifier>
    </Filter>
    <Filter Include="Header Files\Rendering">
      <UniqueIdentifier>{02a56079-1c1b-4564-ba86-7065c4d3639e}</UniqueIdentifier>
    </Filter>
    <Filter Include="Header Files\ECS">
      <UniqueIdentifier>{ce4fad40-6f8c-4442-a170-fa96b40e4a1b}</UniqueIdentifier>
    </Filter>
    <Filter Include="Source Files\Rendering">
      <UniqueIdentifier>{6b7b066e-990a-4c6b-b88a-27ef018bec3d}</UniqueIdentifier>
    </Filter>
    <Filter Include="Source Files\ECS">
      <UniqueIdentifier>{e332838e-f581-4c08-9066-0e226d6efd6e}</UniqueIdentifier>
    </Filter>
    <Filter Include="Resource Files\Shaders\PostProcessing">
      <UniqueIdentifier>{162b1b79-977c-40dc-89aa-1ae4198b5cb2}</UniqueIdentifier>
    </Filter>
  </ItemGroup>
  <ItemGroup>
    <ClInclude Include="OBJloader.h">
      <Filter>Header Files</Filter>
    </ClInclude>
    <ClInclude Include="camera.h">
      <Filter>Header Files\Rendering</Filter>
    </ClInclude>
    <ClInclude Include="EBO.h">
      <Filter>Header Files\Rendering</Filter>
    </ClInclude>
    <ClInclude Include="FBO.h">
      <Filter>Header Files\Rendering</Filter>
    </ClInclude>
    <ClInclude Include="VAO.h">
      <Filter>Header Files\Rendering</Filter>
    </ClInclude>
    <ClInclude Include="VBO.h">
      <Filter>Header Files\Rendering</Filter>
    </ClInclude>
    <ClInclude Include="shader.h">
      <Filter>Header Files\Rendering</Filter>
    </ClInclude>
    <ClInclude Include="texture.h">
      <Filter>Header Files\Rendering</Filter>
    </ClInclude>
    <ClInclude Include="component.h">
      <Filter>Header Files\ECS</Filter>
    </ClInclude>
    <ClInclude Include="meshrenderer.h">
      <Filter>Header Files\ECS</Filter>
    </ClInclude>
    <ClInclude Include="ECS.h">
      <Filter>Header Files\ECS</Filter>
    </ClInclude>
    <ClInclude Include="object.h">
      <Filter>Header Files\ECS</Filter>
    </ClInclude>
    <ClInclude Include="renderer.h">
      <Filter>Header Files\Rendering</Filter>
    </ClInclude>
    <ClInclude Include="mesh.h">
      <Filter>Header Files\Rendering</Filter>
    </ClInclude>
    <ClInclude Include="RBO.h">
      <Filter>Header Files\Rendering</Filter>
    </ClInclude>
    <ClInclude Include="material.h">
      <Filter>Header Files\Rendering</Filter>
    </ClInclude>
    <ClInclude Include="utils.h">
      <Filter>Header Files</Filter>
    </ClInclude>
    <ClInclude Include="light.h">
      <Filter>Header Files\ECS</Filter>
    </ClInclude>
    <ClInclude Include="Core.h">
      <Filter>Header Files</Filter>
    </ClInclude>
    <ClInclude Include="rendering.h">
      <Filter>Header Files</Filter>
    </ClInclude>
    <ClInclude Include="input.h">
      <Filter>Header Files</Filter>
    </ClInclude>
    <ClInclude Include="windowmanager.h">
      <Filter>Header Files</Filter>
    </ClInclude>
    <ClInclude Include="postprocessing.h">
      <Filter>Header Files\Rendering</Filter>
    </ClInclude>
  </ItemGroup>
  <ItemGroup>
    <ClCompile Include="main.cpp">
      <Filter>Source Files</Filter>
    </ClCompile>
    <ClCompile Include="stb.cpp">
      <Filter>Source Files</Filter>
    </ClCompile>
    <ClCompile Include="..\glad.c">
      <Filter>Source Files</Filter>
    </ClCompile>
    <ClCompile Include="renderer.cpp">
      <Filter>Source Files\Rendering</Filter>
    </ClCompile>
    <ClCompile Include="camera.cpp">
      <Filter>Source Files\Rendering</Filter>
    </ClCompile>
    <ClCompile Include="FBO.cpp">
      <Filter>Source Files\Rendering</Filter>
    </ClCompile>
    <ClCompile Include="EBO.cpp">
      <Filter>Source Files\Rendering</Filter>
    </ClCompile>
    <ClCompile Include="shader.cpp">
      <Filter>Source Files\Rendering</Filter>
    </ClCompile>
    <ClCompile Include="texture.cpp">
      <Filter>Source Files\Rendering</Filter>
    </ClCompile>
    <ClCompile Include="VAO.cpp">
      <Filter>Source Files\Rendering</Filter>
    </ClCompile>
    <ClCompile Include="VBO.cpp">
      <Filter>Source Files\Rendering</Filter>
    </ClCompile>
    <ClCompile Include="meshrenderer.cpp">
      <Filter>Source Files\ECS</Filter>
    </ClCompile>
    <ClCompile Include="ECS.cpp">
      <Filter>Source Files\ECS</Filter>
    </ClCompile>
    <ClCompile Include="object.cpp">
      <Filter>Source Files\ECS</Filter>
    </ClCompile>
    <ClCompile Include="RBO.cpp">
      <Filter>Source Files\Rendering</Filter>
    </ClCompile>
    <ClCompile Include="light.cpp">
      <Filter>Source Files\ECS</Filter>
    </ClCompile>
    <ClCompile Include="input.cpp">
      <Filter>Source Files</Filter>
    </ClCompile>
    <ClCompile Include="windowmanager.cpp">
      <Filter>Source Files</Filter>
    </ClCompile>
    <ClCompile Include="postprocessing.cpp">
      <Filter>Source Files\Rendering</Filter>
    </ClCompile>
  </ItemGroup>
  <ItemGroup>
    <None Include="assets\shaders\diffuse.shader">
      <Filter>Resource Files\Shaders</Filter>
    </None>
    <None Include="assets\shaders\pixel.frag">
      <Filter>Resource Files\Shaders</Filter>
    </None>
    <None Include="assets\shaders\pixel.vert">
      <Filter>Resource Files\Shaders</Filter>
    </None>
    <None Include="bloom.shader">
      <Filter>Resource Files\Shaders\PostProcessing</Filter>
    </None>
    <None Include="assets\shaders\quad.shader">
      <Filter>Resource Files\Shaders</Filter>
    </None>
    <None Include="bloommix.shader">
      <Filter>Resource Files\Shaders\PostProcessing</Filter>
    </None>
    <None Include="pixelate.shader">
      <Filter>Resource Files\Shaders\PostProcessing</Filter>
    </None>
    <None Include="colorgrading.shader">
      <Filter>Resource Files\Shaders\PostProcessing</Filter>
    </None>
    <None Include="assets\shaders\diffuseworld.shader">
      <Filter>Resource Files\Shaders</Filter>
    </None>
  </ItemGroup>
  <ItemGroup>
    <Text Include="bloomblur.shader">
      <Filter>Resource Files\Shaders\PostProcessing</Filter>
    </Text>
  </ItemGroup>
</Project>